
Microsoft Visual Studio Solution File, Format Version 12.00
# Visual Studio Version 17
VisualStudioVersion = 17.6.33723.286
MinimumVisualStudioVersion = 10.0.40219.1
Project("{FAE04EC0-301F-11D3-BF4B-00C04F79EFBC}") = "PizzaPan.PresentationLayer", "PizzaPan\PizzaPan.PresentationLayer.csproj", "{AB1E95D8-5317-4562-8FAE-F9D28A343FE6}"
EndProject
Project("{FAE04EC0-301F-11D3-BF4B-00C04F79EFBC}") = "PizzaPan.EntityLayer", "PizzaPan.EntityLayer\PizzaPan.EntityLayer.csproj", "{F2CB73F6-21C3-46C2-B189-1946B1D74250}"
EndProject
Project("{FAE04EC0-301F-11D3-BF4B-00C04F79EFBC}") = "PizzaPan.DataAccessLayer", "PizzaPan.DataAccessLayer\PizzaPan.DataAccessLayer.csproj", "{E508CB18-F6FC-403D-BE13-EA6995C1061B}"
EndProject
Project("{FAE04EC0-301F-11D3-BF4B-00C04F79EFBC}") = "PizzaPan.BusinessLayer", "PizzaPan.BusinessLayer\PizzaPan.BusinessLayer.csproj", "{AD6D33EE-C1A9-4088-86AC-81F66B16A80B}"
EndProject
Global
	GlobalSection(SolutionConfigurationPlatforms) = preSolution
		Debug|Any CPU = Debug|Any CPU
		Release|Any CPU = Release|Any CPU
	EndGlobalSection
	GlobalSection(ProjectConfigurationPlatforms) = postSolution
		{AB1E95D8-5317-4562-8FAE-F9D28A343FE6}.Debug|Any CPU.ActiveCfg = Debug|Any CPU
		{AB1E95D8-5317-4562-8FAE-F9D28A343FE6}.Debug|Any CPU.Build.0 = Debug|Any CPU
		{AB1E95D8-5317-4562-8FAE-F9D28A343FE6}.Release|Any CPU.ActiveCfg = Release|Any CPU
		{AB1E95D8-5317-4562-8FAE-F9D28A343FE6}.Release|Any CPU.Build.0 = Release|Any CPU
		{F2CB73F6-21C3-46C2-B189-1946B1D74250}.Debug|Any CPU.ActiveCfg = Debug|Any CPU
		{F2CB73F6-21C3-46C2-B189-1946B1D74250}.Debug|Any CPU.Build.0 = Debug|Any CPU
		{F2CB73F6-21C3-46C2-B189-1946B1D74250}.Release|Any CPU.ActiveCfg = Release|Any CPU
		{F2CB73F6-21C3-46C2-B189-1946B1D74250}.Release|Any CPU.Build.0 = Release|Any CPU
		{E508CB18-F6FC-403D-BE13-EA6995C1061B}.Debug|Any CPU.ActiveCfg = Debug|Any CPU
		{E508CB18-F6FC-403D-BE13-EA6995C1061B}.Debug|Any CPU.Build.0 = Debug|Any CPU
		{E508CB18-F6FC-403D-BE13-EA6995C1061B}.Release|Any CPU.ActiveCfg = Release|Any CPU
		{E508CB18-F6FC-403D-BE13-EA6995C1061B}.Release|Any CPU.Build.0 = Release|Any CPU
		{AD6D33EE-C1A9-4088-86AC-81F66B16A80B}.Debug|Any CPU.ActiveCfg = Debug|Any CPU
		{AD6D33EE-C1A9-4088-86AC-81F66B16A80B}.Debug|Any CPU.Build.0 = Debug|Any CPU
		{AD6D33EE-C1A9-4088-86AC-81F66B16A80B}.Release|Any CPU.ActiveCfg = Release|Any CPU
		{AD6D33EE-C1A9-4088-86AC-81F66B16A80B}.Release|Any CPU.Build.0 = Release|Any CPU
	EndGlobalSection
	GlobalSection(SolutionProperties) = preSolution
		HideSolutionNode = FALSE
	EndGlobalSection
	GlobalSection(ExtensibilityGlobals) = postSolution
		SolutionGuid = {4A4580B7-6863-4601-AE61-0AE0A65AF611}
	EndGlobalSection
EndGlobal
